{
  "name": "course3",
  "lockfileVersion": 2,
  "requires": true,
  "packages": {
    "": {
      "devDependencies": {
        "magic-snowflakes": "^6.1.0"
      }
    },
    "node_modules/magic-snowflakes": {
      "version": "6.1.0",
      "resolved": "https://registry.npmjs.org/magic-snowflakes/-/magic-snowflakes-6.1.0.tgz",
      "integrity": "sha512-+1wkYYDR8pyeLn8af/XMfSOesuyTluu6yrmKX/tU5gBk+gLtpJbyyCqndf6DDNRwmtycQgAsufRv9ftXVznTgA==",
      "dev": true,
      "engines": {
        "node": ">=10"
      }
    }
  },
  "dependencies": {
    "magic-snowflakes": {
      "version": "6.1.0",
      "resolved": "https://registry.npmjs.org/magic-snowflakes/-/magic-snowflakes-6.1.0.tgz",
      "integrity": "sha512-+1wkYYDR8pyeLn8af/XMfSOesuyTluu6yrmKX/tU5gBk+gLtpJbyyCqndf6DDNRwmtycQgAsufRv9ftXVznTgA==",
      "dev": true
    }
  }
}
